
Microsoft Visual Studio Solution File, Format Version 12.00
# Visual Studio Version 17
VisualStudioVersion = 17.9.34607.119
MinimumVisualStudioVersion = 10.0.40219.1
Project("{FAE04EC0-301F-11D3-BF4B-00C04F79EFBC}") = "AlpineSkiHouse", "AlpineSkiHouse.csproj", "{00EE8DDC-8829-41FF-9139-62213C1E7F0F}"
EndProject
Global
	GlobalSection(SolutionConfigurationPlatforms) = preSolution
		Debug|Any CPU = Debug|Any CPU
		Release|Any CPU = Release|Any CPU
	EndGlobalSection
	GlobalSection(ProjectConfigurationPlatforms) = postSolution
		{00EE8DDC-8829-41FF-9139-62213C1E7F0F}.Debug|Any CPU.ActiveCfg = Debug|Any CPU
		{00EE8DDC-8829-41FF-9139-62213C1E7F0F}.Debug|Any CPU.Build.0 = Debug|Any CPU
		{00EE8DDC-8829-41FF-9139-62213C1E7F0F}.Release|Any CPU.ActiveCfg = Release|Any CPU
		{00EE8DDC-8829-41FF-9139-62213C1E7F0F}.Release|Any CPU.Build.0 = Release|Any CPU
	EndGlobalSection
	GlobalSection(SolutionProperties) = preSolution
		HideSolutionNode = FALSE
	EndGlobalSection
	GlobalSection(ExtensibilityGlobals) = postSolution
		SolutionGuid = {1F152C87-7D5E-436E-AF60-CA8BE96EAD05}
	EndGlobalSection
EndGlobal
