
Microsoft Visual Studio Solution File, Format Version 12.00
# Visual Studio Version 17
VisualStudioVersion = 17.5.002.0
MinimumVisualStudioVersion = 10.0.40219.1
Project("{9A19103F-16F7-4668-BE54-9A1E7A4F7556}") = "ContosoPizza", "ContosoPizza.csproj", "{4BFC73CB-FEFC-495C-AD92-A600163F53D6}"
EndProject
Global
	GlobalSection(SolutionConfigurationPlatforms) = preSolution
		Debug|Any CPU = Debug|Any CPU
		Release|Any CPU = Release|Any CPU
	EndGlobalSection
	GlobalSection(ProjectConfigurationPlatforms) = postSolution
		{4BFC73CB-FEFC-495C-AD92-A600163F53D6}.Debug|Any CPU.ActiveCfg = Debug|Any CPU
		{4BFC73CB-FEFC-495C-AD92-A600163F53D6}.Debug|Any CPU.Build.0 = Debug|Any CPU
		{4BFC73CB-FEFC-495C-AD92-A600163F53D6}.Release|Any CPU.ActiveCfg = Release|Any CPU
		{4BFC73CB-FEFC-495C-AD92-A600163F53D6}.Release|Any CPU.Build.0 = Release|Any CPU
	EndGlobalSection
	GlobalSection(SolutionProperties) = preSolution
		HideSolutionNode = FALSE
	EndGlobalSection
	GlobalSection(ExtensibilityGlobals) = postSolution
		SolutionGuid = {0FF1F60D-27CC-4F70-9C84-0CCFB572730C}
	EndGlobalSection
EndGlobal
